
Microsoft Visual Studio Solution File, Format Version 12.00
# Visual Studio Version 17
VisualStudioVersion = 17.14.37411.7
MinimumVisualStudioVersion = 10.0.40219.1
Project("{FAE04EC0-301F-11D3-BF4B-00C04F79EFBC}") = "LifeOS.Web", "src\LifeOS.Web\LifeOS.Web.csproj", "{08007B10-9E9D-B6D8-AC61-4761F5A6EBCE}"
EndProject
Project("{FAE04EC0-301F-11D3-BF4B-00C04F79EFBC}") = "LifeOS.Infrastructure", "src\LifeOS.Infrastructure\LifeOS.Infrastructure.csproj", "{A81F5A98-F0FE-46CB-B31C-98785583E955}"
EndProject
Project("{FAE04EC0-301F-11D3-BF4B-00C04F79EFBC}") = "LifeOS.Core", "src\LifeOS.Core\LifeOS.Core.csproj", "{98912B65-9511-4552-A174-4400DF621451}"
EndProject
Project("{FAE04EC0-301F-11D3-BF4B-00C04F79EFBC}") = "LifeOS.Tests", "tests\LifeOS.Tests\LifeOS.Tests.csproj", "{82850E70-CE68-4592-B322-384221C8B55B}"
EndProject
Global
	GlobalSection(SolutionConfigurationPlatforms) = preSolution
		Debug|Any CPU = Debug|Any CPU
		Release|Any CPU = Release|Any CPU
	EndGlobalSection
	GlobalSection(ProjectConfigurationPlatforms) = postSolution
		{08007B10-9E9D-B6D8-AC61-4761F5A6EBCE}.Debug|Any CPU.ActiveCfg = Debug|Any CPU
		{08007B10-9E9D-B6D8-AC61-4761F5A6EBCE}.Debug|Any CPU.Build.0 = Debug|Any CPU
		{08007B10-9E9D-B6D8-AC61-4761F5A6EBCE}.Release|Any CPU.ActiveCfg = Release|Any CPU
		{08007B10-9E9D-B6D8-AC61-4761F5A6EBCE}.Release|Any CPU.Build.0 = Release|Any CPU
		{A81F5A98-F0FE-46CB-B31C-98785583E955}.Debug|Any CPU.ActiveCfg = Debug|Any CPU
		{A81F5A98-F0FE-46CB-B31C-98785583E955}.Debug|Any CPU.Build.0 = Debug|Any CPU
		{A81F5A98-F0FE-46CB-B31C-98785583E955}.Release|Any CPU.ActiveCfg = Release|Any CPU
		{A81F5A98-F0FE-46CB-B31C-98785583E955}.Release|Any CPU.Build.0 = Release|Any CPU
		{98912B65-9511-4552-A174-4400DF621451}.Debug|Any CPU.ActiveCfg = Debug|Any CPU
		{98912B65-9511-4552-A174-4400DF621451}.Debug|Any CPU.Build.0 = Debug|Any CPU
		{98912B65-9511-4552-A174-4400DF621451}.Release|Any CPU.ActiveCfg = Release|Any CPU
		{98912B65-9511-4552-A174-4400DF621451}.Release|Any CPU.Build.0 = Release|Any CPU
		{82850E70-CE68-4592-B322-384221C8B55B}.Debug|Any CPU.ActiveCfg = Debug|Any CPU
		{82850E70-CE68-4592-B322-384221C8B55B}.Debug|Any CPU.Build.0 = Debug|Any CPU
		{82850E70-CE68-4592-B322-384221C8B55B}.Release|Any CPU.ActiveCfg = Release|Any CPU
		{82850E70-CE68-4592-B322-384221C8B55B}.Release|Any CPU.Build.0 = Release|Any CPU
	EndGlobalSection
	GlobalSection(SolutionProperties) = preSolution
		HideSolutionNode = FALSE
	EndGlobalSection
	GlobalSection(ExtensibilityGlobals) = postSolution
		SolutionGuid = {08CC56E2-F0EB-4754-B662-D3D94381491C}
	EndGlobalSection
EndGlobal
